
Microsoft Visual Studio Solution File, Format Version 12.00
# Visual Studio Version 17
VisualStudioVersion = 17.13.35931.197 d17.13
MinimumVisualStudioVersion = 10.0.40219.1
Project("{FAE04EC0-301F-11D3-BF4B-00C04F79EFBC}") = "Social-media-app", "Social-media-app.csproj", "{3B1529D0-6013-4B45-AC37-821C1A1CF9DA}"
EndProject
Global
	GlobalSection(SolutionConfigurationPlatforms) = preSolution
		Debug|Any CPU = Debug|Any CPU
		Release|Any CPU = Release|Any CPU
	EndGlobalSection
	GlobalSection(ProjectConfigurationPlatforms) = postSolution
		{3B1529D0-6013-4B45-AC37-821C1A1CF9DA}.Debug|Any CPU.ActiveCfg = Debug|Any CPU
		{3B1529D0-6013-4B45-AC37-821C1A1CF9DA}.Debug|Any CPU.Build.0 = Debug|Any CPU
		{3B1529D0-6013-4B45-AC37-821C1A1CF9DA}.Release|Any CPU.ActiveCfg = Release|Any CPU
		{3B1529D0-6013-4B45-AC37-821C1A1CF9DA}.Release|Any CPU.Build.0 = Release|Any CPU
	EndGlobalSection
	GlobalSection(SolutionProperties) = preSolution
		HideSolutionNode = FALSE
	EndGlobalSection
	GlobalSection(ExtensibilityGlobals) = postSolution
		SolutionGuid = {A3218962-2688-49D9-A597-CF3A512F7799}
	EndGlobalSection
EndGlobal
